<?xml version="1.0" encoding="utf-8"?>
<Project ToolsVersion="4.0" xmlns="http://schemas.microsoft.com/developer/msbuild/2003">
  <ItemGroup>
    <Filter Include="Source Files">
      <UniqueIdentifier>{4FC737F1-C7A5-4376-A066-2A32D752A2FF}</UniqueIdentifier>
      <Extensions>cpp;c;cc;cxx;def;odl;idl;hpj;bat;asm;asmx</Extensions>
    </Filter>
    <Filter Include="Header Files">
      <UniqueIdentifier>{93995380-89BD-4b04-88EB-625FBE52EBFB}</UniqueIdentifier>
      <Extensions>h;hpp;hxx;hm;inl;inc;xsd</Extensions>
    </Filter>
  </ItemGroup>
  <ItemGroup>
    <ClCompile Include="sources\global.cpp">
      <Filter>Source Files</Filter>
    </ClCompile>
    <ClCompile Include="unitTests\globalTests.cpp">
      <Filter>Source Files</Filter>
    </ClCompile>
    <ClCompile Include="sources\HTTPconnection.cpp">
      <Filter>Source Files</Filter>
    </ClCompile>
    <ClCompile Include="sources\HTTPlayer.cpp">
      <Filter>Source Files</Filter>
    </ClCompile>
    <ClCompile Include="sources\HTTPparser.cpp">
      <Filter>Source Files</Filter>
    </ClCompile>
    <ClCompile Include="sources\IPdatagram.cpp">
      <Filter>Source Files</Filter>
    </ClCompile>
    <ClCompile Include="sources\IPfragment.cpp">
      <Filter>Source Files</Filter>
    </ClCompile>
    <ClCompile Include="sources\IPlayer.cpp">
      <Filter>Source Files</Filter>
    </ClCompile>
    <ClCompile Include="sources\JSONlayer.cpp">
      <Filter>Source Files</Filter>
    </ClCompile>
    <ClCompile Include="sources\PacketHandler.cpp">
      <Filter>Source Files</Filter>
    </ClCompile>
    <ClCompile Include="sources\TCPconnection.cpp">
      <Filter>Source Files</Filter>
    </ClCompile>
    <ClCompile Include="sources\TCPlayer.cpp">
      <Filter>Source Files</Filter>
    </ClCompile>
    <ClCompile Include="sources\TCPsegment.cpp">
      <Filter>Source Files</Filter>
    </ClCompile>
  </ItemGroup>
  <ItemGroup>
    <ClInclude Include="headers\global.h">
      <Filter>Header Files</Filter>
    </ClInclude>
    <ClInclude Include="unitTests\globalTests.h">
      <Filter>Header Files</Filter>
    </ClInclude>
    <ClInclude Include="headers\HTTPconnection.h">
      <Filter>Header Files</Filter>
    </ClInclude>
    <ClInclude Include="headers\HTTPlayer.h">
      <Filter>Header Files</Filter>
    </ClInclude>
    <ClInclude Include="sources\HTTPpacket.h">
      <Filter>Header Files</Filter>
    </ClInclude>
    <ClInclude Include="headers\HTTPparser.h">
      <Filter>Header Files</Filter>
    </ClInclude>
    <ClInclude Include="headers\IPdatagram.h">
      <Filter>Header Files</Filter>
    </ClInclude>
    <ClInclude Include="headers\IPfragment.h">
      <Filter>Header Files</Filter>
    </ClInclude>
    <ClInclude Include="headers\IPlayer.h">
      <Filter>Header Files</Filter>
    </ClInclude>
    <ClInclude Include="headers\JSONlayer.h">
      <Filter>Header Files</Filter>
    </ClInclude>
    <ClInclude Include="headers\PacketHandler.h">
      <Filter>Header Files</Filter>
    </ClInclude>
    <ClInclude Include="unitTests\runTests.h">
      <Filter>Header Files</Filter>
    </ClInclude>
    <ClInclude Include="headers\TCPconnection.h">
      <Filter>Header Files</Filter>
    </ClInclude>
    <ClInclude Include="headers\TCPlayer.h">
      <Filter>Header Files</Filter>
    </ClInclude>
    <ClInclude Include="headers\TCPsegment.h">
      <Filter>Header Files</Filter>
    </ClInclude>
  </ItemGroup>
</Project>